// !$*UTF8*$!
{
	archiveVersion = 1;
	classes = {
	};
	objectVersion = 56;
	objects = {

/* Begin PBXBuildFile section */
		B514EDE92BDA80950069FE08 /* SplashView.swift in Sources */ = {isa = PBXBuildFile; fileRef = B514EDE82BDA80950069FE08 /* SplashView.swift */; };
		B5990B352BB6DE270047C552 /* CoffeeShopsAppApp.swift in Sources */ = {isa = PBXBuildFile; fileRef = B5990B342BB6DE270047C552 /* CoffeeShopsAppApp.swift */; };
		B5990B372BB6DE270047C552 /* ContentView.swift in Sources */ = {isa = PBXBuildFile; fileRef = B5990B362BB6DE270047C552 /* ContentView.swift */; };
		B5990B392BB6DE280047C552 /* Assets.xcassets in Resources */ = {isa = PBXBuildFile; fileRef = B5990B382BB6DE280047C552 /* Assets.xcassets */; };
		B5990B3D2BB6DE280047C552 /* Preview Assets.xcassets in Resources */ = {isa = PBXBuildFile; fileRef = B5990B3C2BB6DE280047C552 /* Preview Assets.xcassets */; };
		B5990B472BB6DE290047C552 /* CoffeeShopsAppTests.swift in Sources */ = {isa = PBXBuildFile; fileRef = B5990B462BB6DE290047C552 /* CoffeeShopsAppTests.swift */; };
		B5990B512BB6DE290047C552 /* CoffeeShopsAppUITests.swift in Sources */ = {isa = PBXBuildFile; fileRef = B5990B502BB6DE290047C552 /* CoffeeShopsAppUITests.swift */; };
		B5990B532BB6DE290047C552 /* CoffeeShopsAppUITestsLaunchTests.swift in Sources */ = {isa = PBXBuildFile; fileRef = B5990B522BB6DE290047C552 /* CoffeeShopsAppUITestsLaunchTests.swift */; };
		B5990B622BB6DF850047C552 /* Colors.swift in Sources */ = {isa = PBXBuildFile; fileRef = B5990B612BB6DF850047C552 /* Colors.swift */; };
		B5990B6D2BB6E2940047C552 /* Inter-Thin.ttf in Resources */ = {isa = PBXBuildFile; fileRef = B5990B642BB6E2940047C552 /* Inter-Thin.ttf */; };
		B5990B6E2BB6E2940047C552 /* Inter-Black.ttf in Resources */ = {isa = PBXBuildFile; fileRef = B5990B652BB6E2940047C552 /* Inter-Black.ttf */; };
		B5990B6F2BB6E2940047C552 /* Inter-SemiBold.ttf in Resources */ = {isa = PBXBuildFile; fileRef = B5990B662BB6E2940047C552 /* Inter-SemiBold.ttf */; };
		B5990B702BB6E2940047C552 /* Inter-Light.ttf in Resources */ = {isa = PBXBuildFile; fileRef = B5990B672BB6E2940047C552 /* Inter-Light.ttf */; };
		B5990B712BB6E2940047C552 /* Inter-Regular.ttf in Resources */ = {isa = PBXBuildFile; fileRef = B5990B682BB6E2940047C552 /* Inter-Regular.ttf */; };
		B5990B722BB6E2940047C552 /* Inter-ExtraLight.ttf in Resources */ = {isa = PBXBuildFile; fileRef = B5990B692BB6E2940047C552 /* Inter-ExtraLight.ttf */; };
		B5990B732BB6E2940047C552 /* Inter-Medium.ttf in Resources */ = {isa = PBXBuildFile; fileRef = B5990B6A2BB6E2940047C552 /* Inter-Medium.ttf */; };
		B5990B742BB6E2940047C552 /* Inter-Bold.ttf in Resources */ = {isa = PBXBuildFile; fileRef = B5990B6B2BB6E2940047C552 /* Inter-Bold.ttf */; };
		B5990B752BB6E2940047C552 /* Inter-ExtraBold.ttf in Resources */ = {isa = PBXBuildFile; fileRef = B5990B6C2BB6E2940047C552 /* Inter-ExtraBold.ttf */; };
		B5990B772BB6E2AA0047C552 /* Fonts.swift in Sources */ = {isa = PBXBuildFile; fileRef = B5990B762BB6E2AA0047C552 /* Fonts.swift */; };
		B5990B792BB6E2C60047C552 /* CSFont.swift in Sources */ = {isa = PBXBuildFile; fileRef = B5990B782BB6E2C60047C552 /* CSFont.swift */; };
		B5990B7D2BB6EB1C0047C552 /* Localizable.xcstrings in Resources */ = {isa = PBXBuildFile; fileRef = B5990B7C2BB6EB1C0047C552 /* Localizable.xcstrings */; };
		B5990B802BB84AEC0047C552 /* EnvironmentConfiguration.swift in Sources */ = {isa = PBXBuildFile; fileRef = B5990B7F2BB84AEC0047C552 /* EnvironmentConfiguration.swift */; };
		B5990B822BB84B0A0047C552 /* Config.xcconfig in Resources */ = {isa = PBXBuildFile; fileRef = B5990B812BB84B0A0047C552 /* Config.xcconfig */; };
		B5990B862BB84DBE0047C552 /* Endpoint.swift in Sources */ = {isa = PBXBuildFile; fileRef = B5990B852BB84DBE0047C552 /* Endpoint.swift */; };
		B5990B892BB84DD10047C552 /* HTTPClient.swift in Sources */ = {isa = PBXBuildFile; fileRef = B5990B882BB84DD10047C552 /* HTTPClient.swift */; };
		B5990B8B2BB84DE20047C552 /* HTTPMethodType.swift in Sources */ = {isa = PBXBuildFile; fileRef = B5990B8A2BB84DE20047C552 /* HTTPMethodType.swift */; };
		B5990B8D2BB84DF10047C552 /* RequestError.swift in Sources */ = {isa = PBXBuildFile; fileRef = B5990B8C2BB84DF10047C552 /* RequestError.swift */; };
		B5990B912BB84F250047C552 /* GooglePlacesAPIEndpoints.swift in Sources */ = {isa = PBXBuildFile; fileRef = B5990B902BB84F250047C552 /* GooglePlacesAPIEndpoints.swift */; };
		B5990B942BB84F5C0047C552 /* PlaceDTO.swift in Sources */ = {isa = PBXBuildFile; fileRef = B5990B932BB84F5C0047C552 /* PlaceDTO.swift */; };
		B5990B962BB84F6D0047C552 /* PlaceGeometryDTO.swift in Sources */ = {isa = PBXBuildFile; fileRef = B5990B952BB84F6D0047C552 /* PlaceGeometryDTO.swift */; };
		B5990B982BB84F940047C552 /* PlaceLocationDTO.swift in Sources */ = {isa = PBXBuildFile; fileRef = B5990B972BB84F940047C552 /* PlaceLocationDTO.swift */; };
		B5990B9A2BB84FA20047C552 /* PlaceOpeningHoursDTO.swift in Sources */ = {isa = PBXBuildFile; fileRef = B5990B992BB84FA20047C552 /* PlaceOpeningHoursDTO.swift */; };
		B5990B9C2BB84FB10047C552 /* PlacePhotoDTO.swift in Sources */ = {isa = PBXBuildFile; fileRef = B5990B9B2BB84FB10047C552 /* PlacePhotoDTO.swift */; };
		B5990B9E2BB84FBF0047C552 /* PlacesNearbySearchDTO.swift in Sources */ = {isa = PBXBuildFile; fileRef = B5990B9D2BB84FBF0047C552 /* PlacesNearbySearchDTO.swift */; };
		B5990BA22BB84FE70047C552 /* Place.swift in Sources */ = {isa = PBXBuildFile; fileRef = B5990BA12BB84FE70047C552 /* Place.swift */; };
		B5990BA42BB84FF50047C552 /* PlaceLocation.swift in Sources */ = {isa = PBXBuildFile; fileRef = B5990BA32BB84FF50047C552 /* PlaceLocation.swift */; };
		B5990BA62BB850040047C552 /* PlacePhoto.swift in Sources */ = {isa = PBXBuildFile; fileRef = B5990BA52BB850040047C552 /* PlacePhoto.swift */; };
		B5990BA82BB850110047C552 /* PlacesNearbySearch.swift in Sources */ = {isa = PBXBuildFile; fileRef = B5990BA72BB850110047C552 /* PlacesNearbySearch.swift */; };
		B5990BAB2BB850630047C552 /* GooglePlacesRemoteDatasource.swift in Sources */ = {isa = PBXBuildFile; fileRef = B5990BAA2BB850630047C552 /* GooglePlacesRemoteDatasource.swift */; };
		B5990BAE2BB850B70047C552 /* GooglePlacesRepository.swift in Sources */ = {isa = PBXBuildFile; fileRef = B5990BAD2BB850B70047C552 /* GooglePlacesRepository.swift */; };
		B5990BB12BB850D80047C552 /* DefaultGooglePlacesRepository.swift in Sources */ = {isa = PBXBuildFile; fileRef = B5990BB02BB850D80047C552 /* DefaultGooglePlacesRepository.swift */; };
		B5990BB42BB8515A0047C552 /* GetNearbyCoffeeShops.swift in Sources */ = {isa = PBXBuildFile; fileRef = B5990BB32BB8515A0047C552 /* GetNearbyCoffeeShops.swift */; };
		B5990BB72BB851AB0047C552 /* AppCoordinator.swift in Sources */ = {isa = PBXBuildFile; fileRef = B5990BB62BB851AB0047C552 /* AppCoordinator.swift */; };
		B5990BB92BB851CC0047C552 /* AppCoordinatorView.swift in Sources */ = {isa = PBXBuildFile; fileRef = B5990BB82BB851CC0047C552 /* AppCoordinatorView.swift */; };
		B5990BBD2BB852280047C552 /* HomeView.swift in Sources */ = {isa = PBXBuildFile; fileRef = B5990BBC2BB852280047C552 /* HomeView.swift */; };
		B5990BBF2BB8523D0047C552 /* HomeViewModel.swift in Sources */ = {isa = PBXBuildFile; fileRef = B5990BBE2BB8523D0047C552 /* HomeViewModel.swift */; };
		B5990BC22BB853030047C552 /* HomeMapView.swift in Sources */ = {isa = PBXBuildFile; fileRef = B5990BC12BB853030047C552 /* HomeMapView.swift */; };
		B5990BC52BB853570047C552 /* HomeFactory.swift in Sources */ = {isa = PBXBuildFile; fileRef = B5990BC42BB853570047C552 /* HomeFactory.swift */; };
		B5990BC72BB9743F0047C552 /* HomeListView.swift in Sources */ = {isa = PBXBuildFile; fileRef = B5990BC62BB9743F0047C552 /* HomeListView.swift */; };
		B5990BCC2BB975BD0047C552 /* CoffeeShopItemListView.swift in Sources */ = {isa = PBXBuildFile; fileRef = B5990BCB2BB975BD0047C552 /* CoffeeShopItemListView.swift */; };
		B5990BD02BB97FED0047C552 /* CoffeeShopDetailsView.swift in Sources */ = {isa = PBXBuildFile; fileRef = B5990BCF2BB97FED0047C552 /* CoffeeShopDetailsView.swift */; };
		B5990BD22BB97FF40047C552 /* CoffeeShopDetailsViewModel.swift in Sources */ = {isa = PBXBuildFile; fileRef = B5990BD12BB97FF40047C552 /* CoffeeShopDetailsViewModel.swift */; };
		B5990BD42BB980550047C552 /* CoffeeShopDetailsFactory.swift in Sources */ = {isa = PBXBuildFile; fileRef = B5990BD32BB980550047C552 /* CoffeeShopDetailsFactory.swift */; };
		B5990BD62BB9824D0047C552 /* PlaceDetailsDTO.swift in Sources */ = {isa = PBXBuildFile; fileRef = B5990BD52BB9824D0047C552 /* PlaceDetailsDTO.swift */; };
		B5990BDA2BB984090047C552 /* GetCoffeeShopDetails.swift in Sources */ = {isa = PBXBuildFile; fileRef = B5990BD92BB984090047C552 /* GetCoffeeShopDetails.swift */; };
/* End PBXBuildFile section */

/* Begin PBXContainerItemProxy section */
		B5990B432BB6DE290047C552 /* PBXContainerItemProxy */ = {
			isa = PBXContainerItemProxy;
			containerPortal = B5990B292BB6DE270047C552 /* Project object */;
			proxyType = 1;
			remoteGlobalIDString = B5990B302BB6DE270047C552;
			remoteInfo = CoffeeShopsApp;
		};
		B5990B4D2BB6DE290047C552 /* PBXContainerItemProxy */ = {
			isa = PBXContainerItemProxy;
			containerPortal = B5990B292BB6DE270047C552 /* Project object */;
			proxyType = 1;
			remoteGlobalIDString = B5990B302BB6DE270047C552;
			remoteInfo = CoffeeShopsApp;
		};
/* End PBXContainerItemProxy section */

/* Begin PBXFileReference section */
		B514EDE82BDA80950069FE08 /* SplashView.swift */ = {isa = PBXFileReference; lastKnownFileType = sourcecode.swift; path = SplashView.swift; sourceTree = "<group>"; };
		B5990B312BB6DE270047C552 /* CoffeeShopsApp.app */ = {isa = PBXFileReference; explicitFileType = wrapper.application; includeInIndex = 0; path = CoffeeShopsApp.app; sourceTree = BUILT_PRODUCTS_DIR; };
		B5990B342BB6DE270047C552 /* CoffeeShopsAppApp.swift */ = {isa = PBXFileReference; lastKnownFileType = sourcecode.swift; path = CoffeeShopsAppApp.swift; sourceTree = "<group>"; };
		B5990B362BB6DE270047C552 /* ContentView.swift */ = {isa = PBXFileReference; lastKnownFileType = sourcecode.swift; path = ContentView.swift; sourceTree = "<group>"; };
		B5990B382BB6DE280047C552 /* Assets.xcassets */ = {isa = PBXFileReference; lastKnownFileType = folder.assetcatalog; path = Assets.xcassets; sourceTree = "<group>"; };
		B5990B3A2BB6DE280047C552 /* CoffeeShopsApp.entitlements */ = {isa = PBXFileReference; lastKnownFileType = text.plist.entitlements; path = CoffeeShopsApp.entitlements; sourceTree = "<group>"; };
		B5990B3C2BB6DE280047C552 /* Preview Assets.xcassets */ = {isa = PBXFileReference; lastKnownFileType = folder.assetcatalog; path = "Preview Assets.xcassets"; sourceTree = "<group>"; };
		B5990B422BB6DE290047C552 /* CoffeeShopsAppTests.xctest */ = {isa = PBXFileReference; explicitFileType = wrapper.cfbundle; includeInIndex = 0; path = CoffeeShopsAppTests.xctest; sourceTree = BUILT_PRODUCTS_DIR; };
		B5990B462BB6DE290047C552 /* CoffeeShopsAppTests.swift */ = {isa = PBXFileReference; lastKnownFileType = sourcecode.swift; path = CoffeeShopsAppTests.swift; sourceTree = "<group>"; };
		B5990B4C2BB6DE290047C552 /* CoffeeShopsAppUITests.xctest */ = {isa = PBXFileReference; explicitFileType = wrapper.cfbundle; includeInIndex = 0; path = CoffeeShopsAppUITests.xctest; sourceTree = BUILT_PRODUCTS_DIR; };
		B5990B502BB6DE290047C552 /* CoffeeShopsAppUITests.swift */ = {isa = PBXFileReference; lastKnownFileType = sourcecode.swift; path = CoffeeShopsAppUITests.swift; sourceTree = "<group>"; };
		B5990B522BB6DE290047C552 /* CoffeeShopsAppUITestsLaunchTests.swift */ = {isa = PBXFileReference; lastKnownFileType = sourcecode.swift; path = CoffeeShopsAppUITestsLaunchTests.swift; sourceTree = "<group>"; };
		B5990B612BB6DF850047C552 /* Colors.swift */ = {isa = PBXFileReference; lastKnownFileType = sourcecode.swift; path = Colors.swift; sourceTree = "<group>"; };
		B5990B642BB6E2940047C552 /* Inter-Thin.ttf */ = {isa = PBXFileReference; lastKnownFileType = file; path = "Inter-Thin.ttf"; sourceTree = "<group>"; };
		B5990B652BB6E2940047C552 /* Inter-Black.ttf */ = {isa = PBXFileReference; lastKnownFileType = file; path = "Inter-Black.ttf"; sourceTree = "<group>"; };
		B5990B662BB6E2940047C552 /* Inter-SemiBold.ttf */ = {isa = PBXFileReference; lastKnownFileType = file; path = "Inter-SemiBold.ttf"; sourceTree = "<group>"; };
		B5990B672BB6E2940047C552 /* Inter-Light.ttf */ = {isa = PBXFileReference; lastKnownFileType = file; path = "Inter-Light.ttf"; sourceTree = "<group>"; };
		B5990B682BB6E2940047C552 /* Inter-Regular.ttf */ = {isa = PBXFileReference; lastKnownFileType = file; path = "Inter-Regular.ttf"; sourceTree = "<group>"; };
		B5990B692BB6E2940047C552 /* Inter-ExtraLight.ttf */ = {isa = PBXFileReference; lastKnownFileType = file; path = "Inter-ExtraLight.ttf"; sourceTree = "<group>"; };
		B5990B6A2BB6E2940047C552 /* Inter-Medium.ttf */ = {isa = PBXFileReference; lastKnownFileType = file; path = "Inter-Medium.ttf"; sourceTree = "<group>"; };
		B5990B6B2BB6E2940047C552 /* Inter-Bold.ttf */ = {isa = PBXFileReference; lastKnownFileType = file; path = "Inter-Bold.ttf"; sourceTree = "<group>"; };
		B5990B6C2BB6E2940047C552 /* Inter-ExtraBold.ttf */ = {isa = PBXFileReference; lastKnownFileType = file; path = "Inter-ExtraBold.ttf"; sourceTree = "<group>"; };
		B5990B762BB6E2AA0047C552 /* Fonts.swift */ = {isa = PBXFileReference; lastKnownFileType = sourcecode.swift; path = Fonts.swift; sourceTree = "<group>"; };
		B5990B782BB6E2C60047C552 /* CSFont.swift */ = {isa = PBXFileReference; lastKnownFileType = sourcecode.swift; path = CSFont.swift; sourceTree = "<group>"; };
		B5990B7A2BB6E3460047C552 /* Info.plist */ = {isa = PBXFileReference; lastKnownFileType = text.plist; path = Info.plist; sourceTree = "<group>"; };
		B5990B7C2BB6EB1C0047C552 /* Localizable.xcstrings */ = {isa = PBXFileReference; lastKnownFileType = text.json.xcstrings; path = Localizable.xcstrings; sourceTree = "<group>"; };
		B5990B7F2BB84AEC0047C552 /* EnvironmentConfiguration.swift */ = {isa = PBXFileReference; lastKnownFileType = sourcecode.swift; path = EnvironmentConfiguration.swift; sourceTree = "<group>"; };
		B5990B812BB84B0A0047C552 /* Config.xcconfig */ = {isa = PBXFileReference; lastKnownFileType = text.xcconfig; path = Config.xcconfig; sourceTree = "<group>"; };
		B5990B852BB84DBE0047C552 /* Endpoint.swift */ = {isa = PBXFileReference; lastKnownFileType = sourcecode.swift; path = Endpoint.swift; sourceTree = "<group>"; };
		B5990B882BB84DD10047C552 /* HTTPClient.swift */ = {isa = PBXFileReference; lastKnownFileType = sourcecode.swift; path = HTTPClient.swift; sourceTree = "<group>"; };
		B5990B8A2BB84DE20047C552 /* HTTPMethodType.swift */ = {isa = PBXFileReference; lastKnownFileType = sourcecode.swift; path = HTTPMethodType.swift; sourceTree = "<group>"; };
		B5990B8C2BB84DF10047C552 /* RequestError.swift */ = {isa = PBXFileReference; lastKnownFileType = sourcecode.swift; path = RequestError.swift; sourceTree = "<group>"; };
		B5990B902BB84F250047C552 /* GooglePlacesAPIEndpoints.swift */ = {isa = PBXFileReference; lastKnownFileType = sourcecode.swift; path = GooglePlacesAPIEndpoints.swift; sourceTree = "<group>"; };
		B5990B932BB84F5C0047C552 /* PlaceDTO.swift */ = {isa = PBXFileReference; lastKnownFileType = sourcecode.swift; path = PlaceDTO.swift; sourceTree = "<group>"; };
		B5990B952BB84F6D0047C552 /* PlaceGeometryDTO.swift */ = {isa = PBXFileReference; lastKnownFileType = sourcecode.swift; path = PlaceGeometryDTO.swift; sourceTree = "<group>"; };
		B5990B972BB84F940047C552 /* PlaceLocationDTO.swift */ = {isa = PBXFileReference; lastKnownFileType = sourcecode.swift; path = PlaceLocationDTO.swift; sourceTree = "<group>"; };
		B5990B992BB84FA20047C552 /* PlaceOpeningHoursDTO.swift */ = {isa = PBXFileReference; lastKnownFileType = sourcecode.swift; path = PlaceOpeningHoursDTO.swift; sourceTree = "<group>"; };
		B5990B9B2BB84FB10047C552 /* PlacePhotoDTO.swift */ = {isa = PBXFileReference; lastKnownFileType = sourcecode.swift; path = PlacePhotoDTO.swift; sourceTree = "<group>"; };
		B5990B9D2BB84FBF0047C552 /* PlacesNearbySearchDTO.swift */ = {isa = PBXFileReference; lastKnownFileType = sourcecode.swift; path = PlacesNearbySearchDTO.swift; sourceTree = "<group>"; };
		B5990BA12BB84FE70047C552 /* Place.swift */ = {isa = PBXFileReference; lastKnownFileType = sourcecode.swift; path = Place.swift; sourceTree = "<group>"; };
		B5990BA32BB84FF50047C552 /* PlaceLocation.swift */ = {isa = PBXFileReference; lastKnownFileType = sourcecode.swift; path = PlaceLocation.swift; sourceTree = "<group>"; };
		B5990BA52BB850040047C552 /* PlacePhoto.swift */ = {isa = PBXFileReference; lastKnownFileType = sourcecode.swift; path = PlacePhoto.swift; sourceTree = "<group>"; };
		B5990BA72BB850110047C552 /* PlacesNearbySearch.swift */ = {isa = PBXFileReference; lastKnownFileType = sourcecode.swift; path = PlacesNearbySearch.swift; sourceTree = "<group>"; };
		B5990BAA2BB850630047C552 /* GooglePlacesRemoteDatasource.swift */ = {isa = PBXFileReference; lastKnownFileType = sourcecode.swift; path = GooglePlacesRemoteDatasource.swift; sourceTree = "<group>"; };
		B5990BAD2BB850B70047C552 /* GooglePlacesRepository.swift */ = {isa = PBXFileReference; lastKnownFileType = sourcecode.swift; path = GooglePlacesRepository.swift; sourceTree = "<group>"; };
		B5990BB02BB850D80047C552 /* DefaultGooglePlacesRepository.swift */ = {isa = PBXFileReference; lastKnownFileType = sourcecode.swift; path = DefaultGooglePlacesRepository.swift; sourceTree = "<group>"; };
		B5990BB32BB8515A0047C552 /* GetNearbyCoffeeShops.swift */ = {isa = PBXFileReference; lastKnownFileType = sourcecode.swift; path = GetNearbyCoffeeShops.swift; sourceTree = "<group>"; };
		B5990BB62BB851AB0047C552 /* AppCoordinator.swift */ = {isa = PBXFileReference; lastKnownFileType = sourcecode.swift; path = AppCoordinator.swift; sourceTree = "<group>"; };
		B5990BB82BB851CC0047C552 /* AppCoordinatorView.swift */ = {isa = PBXFileReference; lastKnownFileType = sourcecode.swift; path = AppCoordinatorView.swift; sourceTree = "<group>"; };
		B5990BBC2BB852280047C552 /* HomeView.swift */ = {isa = PBXFileReference; lastKnownFileType = sourcecode.swift; path = HomeView.swift; sourceTree = "<group>"; };
		B5990BBE2BB8523D0047C552 /* HomeViewModel.swift */ = {isa = PBXFileReference; lastKnownFileType = sourcecode.swift; path = HomeViewModel.swift; sourceTree = "<group>"; };
		B5990BC12BB853030047C552 /* HomeMapView.swift */ = {isa = PBXFileReference; lastKnownFileType = sourcecode.swift; path = HomeMapView.swift; sourceTree = "<group>"; };
		B5990BC42BB853570047C552 /* HomeFactory.swift */ = {isa = PBXFileReference; lastKnownFileType = sourcecode.swift; path = HomeFactory.swift; sourceTree = "<group>"; };
		B5990BC62BB9743F0047C552 /* HomeListView.swift */ = {isa = PBXFileReference; lastKnownFileType = sourcecode.swift; path = HomeListView.swift; sourceTree = "<group>"; };
		B5990BCB2BB975BD0047C552 /* CoffeeShopItemListView.swift */ = {isa = PBXFileReference; lastKnownFileType = sourcecode.swift; path = CoffeeShopItemListView.swift; sourceTree = "<group>"; };
		B5990BCF2BB97FED0047C552 /* CoffeeShopDetailsView.swift */ = {isa = PBXFileReference; lastKnownFileType = sourcecode.swift; path = CoffeeShopDetailsView.swift; sourceTree = "<group>"; };
		B5990BD12BB97FF40047C552 /* CoffeeShopDetailsViewModel.swift */ = {isa = PBXFileReference; lastKnownFileType = sourcecode.swift; path = CoffeeShopDetailsViewModel.swift; sourceTree = "<group>"; };
		B5990BD32BB980550047C552 /* CoffeeShopDetailsFactory.swift */ = {isa = PBXFileReference; lastKnownFileType = sourcecode.swift; path = CoffeeShopDetailsFactory.swift; sourceTree = "<group>"; };
		B5990BD52BB9824D0047C552 /* PlaceDetailsDTO.swift */ = {isa = PBXFileReference; lastKnownFileType = sourcecode.swift; path = PlaceDetailsDTO.swift; sourceTree = "<group>"; };
		B5990BD92BB984090047C552 /* GetCoffeeShopDetails.swift */ = {isa = PBXFileReference; lastKnownFileType = sourcecode.swift; path = GetCoffeeShopDetails.swift; sourceTree = "<group>"; };
/* End PBXFileReference section */

/* Begin PBXFrameworksBuildPhase section */
		B5990B2E2BB6DE270047C552 /* Frameworks */ = {
			isa = PBXFrameworksBuildPhase;
			buildActionMask = 2147483647;
			files = (
			);
			runOnlyForDeploymentPostprocessing = 0;
		};
		B5990B3F2BB6DE290047C552 /* Frameworks */ = {
			isa = PBXFrameworksBuildPhase;
			buildActionMask = 2147483647;
			files = (
			);
			runOnlyForDeploymentPostprocessing = 0;
		};
		B5990B492BB6DE290047C552 /* Frameworks */ = {
			isa = PBXFrameworksBuildPhase;
			buildActionMask = 2147483647;
			files = (
			);
			runOnlyForDeploymentPostprocessing = 0;
		};
/* End PBXFrameworksBuildPhase section */

/* Begin PBXGroup section */
		B514EDE72BDA80880069FE08 /* Splash */ = {
			isa = PBXGroup;
			children = (
				B514EDE82BDA80950069FE08 /* SplashView.swift */,
			);
			path = Splash;
			sourceTree = "<group>";
		};
		B5990B282BB6DE270047C552 = {
			isa = PBXGroup;
			children = (
				B5990B332BB6DE270047C552 /* CoffeeShopsApp */,
				B5990B452BB6DE290047C552 /* CoffeeShopsAppTests */,
				B5990B4F2BB6DE290047C552 /* CoffeeShopsAppUITests */,
				B5990B322BB6DE270047C552 /* Products */,
			);
			sourceTree = "<group>";
		};
		B5990B322BB6DE270047C552 /* Products */ = {
			isa = PBXGroup;
			children = (
				B5990B312BB6DE270047C552 /* CoffeeShopsApp.app */,
				B5990B422BB6DE290047C552 /* CoffeeShopsAppTests.xctest */,
				B5990B4C2BB6DE290047C552 /* CoffeeShopsAppUITests.xctest */,
			);
			name = Products;
			sourceTree = "<group>";
		};
		B5990B332BB6DE270047C552 /* CoffeeShopsApp */ = {
			isa = PBXGroup;
			children = (
				B5990B3A2BB6DE280047C552 /* CoffeeShopsApp.entitlements */,
				B5990B7A2BB6E3460047C552 /* Info.plist */,
				B5990B342BB6DE270047C552 /* CoffeeShopsAppApp.swift */,
				B5990B362BB6DE270047C552 /* ContentView.swift */,
				B5990BC32BB853410047C552 /* Composition Root */,
				B5990B8E2BB84F100047C552 /* Data */,
				B5990B9F2BB84FCA0047C552 /* Domain */,
				B5990B832BB84DA40047C552 /* Infrastructure */,
				B5990B5F2BB6DF5D0047C552 /* Presentation */,
				B5990B3B2BB6DE280047C552 /* Preview Content */,
				B5990B7B2BB6EB090047C552 /* Resources */,
			);
			path = CoffeeShopsApp;
			sourceTree = "<group>";
		};
		B5990B3B2BB6DE280047C552 /* Preview Content */ = {
			isa = PBXGroup;
			children = (
				B5990B3C2BB6DE280047C552 /* Preview Assets.xcassets */,
			);
			path = "Preview Content";
			sourceTree = "<group>";
		};
		B5990B452BB6DE290047C552 /* CoffeeShopsAppTests */ = {
			isa = PBXGroup;
			children = (
				B5990B462BB6DE290047C552 /* CoffeeShopsAppTests.swift */,
			);
			path = CoffeeShopsAppTests;
			sourceTree = "<group>";
		};
		B5990B4F2BB6DE290047C552 /* CoffeeShopsAppUITests */ = {
			isa = PBXGroup;
			children = (
				B5990B502BB6DE290047C552 /* CoffeeShopsAppUITests.swift */,
				B5990B522BB6DE290047C552 /* CoffeeShopsAppUITestsLaunchTests.swift */,
			);
			path = CoffeeShopsAppUITests;
			sourceTree = "<group>";
		};
		B5990B5F2BB6DF5D0047C552 /* Presentation */ = {
			isa = PBXGroup;
			children = (
				B5990B602BB6DF6C0047C552 /* Design System */,
				B5990BB52BB8519D0047C552 /* Navigation */,
				B5990BBA2BB8521C0047C552 /* Screens */,
			);
			path = Presentation;
			sourceTree = "<group>";
		};
		B5990B602BB6DF6C0047C552 /* Design System */ = {
			isa = PBXGroup;
			children = (
				B5990B612BB6DF850047C552 /* Colors.swift */,
				B5990B782BB6E2C60047C552 /* CSFont.swift */,
				B5990B762BB6E2AA0047C552 /* Fonts.swift */,
				B5990B632BB6E2670047C552 /* Fonts */,
			);
			path = "Design System";
			sourceTree = "<group>";
		};
		B5990B632BB6E2670047C552 /* Fonts */ = {
			isa = PBXGroup;
			children = (
				B5990B652BB6E2940047C552 /* Inter-Black.ttf */,
				B5990B6B2BB6E2940047C552 /* Inter-Bold.ttf */,
				B5990B6C2BB6E2940047C552 /* Inter-ExtraBold.ttf */,
				B5990B692BB6E2940047C552 /* Inter-ExtraLight.ttf */,
				B5990B672BB6E2940047C552 /* Inter-Light.ttf */,
				B5990B6A2BB6E2940047C552 /* Inter-Medium.ttf */,
				B5990B682BB6E2940047C552 /* Inter-Regular.ttf */,
				B5990B662BB6E2940047C552 /* Inter-SemiBold.ttf */,
				B5990B642BB6E2940047C552 /* Inter-Thin.ttf */,
			);
			path = Fonts;
			sourceTree = "<group>";
		};
		B5990B7B2BB6EB090047C552 /* Resources */ = {
			isa = PBXGroup;
			children = (
				B5990B382BB6DE280047C552 /* Assets.xcassets */,
				B5990B7C2BB6EB1C0047C552 /* Localizable.xcstrings */,
				B5990B7E2BB84AB70047C552 /* Configuration */,
			);
			path = Resources;
			sourceTree = "<group>";
		};
		B5990B7E2BB84AB70047C552 /* Configuration */ = {
			isa = PBXGroup;
			children = (
				B5990B7F2BB84AEC0047C552 /* EnvironmentConfiguration.swift */,
				B5990B812BB84B0A0047C552 /* Config.xcconfig */,
			);
			path = Configuration;
			sourceTree = "<group>";
		};
		B5990B832BB84DA40047C552 /* Infrastructure */ = {
			isa = PBXGroup;
			children = (
				B5990B842BB84DAE0047C552 /* Network */,
			);
			path = Infrastructure;
			sourceTree = "<group>";
		};
		B5990B842BB84DAE0047C552 /* Network */ = {
			isa = PBXGroup;
			children = (
				B5990B852BB84DBE0047C552 /* Endpoint.swift */,
				B5990B882BB84DD10047C552 /* HTTPClient.swift */,
				B5990B8A2BB84DE20047C552 /* HTTPMethodType.swift */,
				B5990B8C2BB84DF10047C552 /* RequestError.swift */,
			);
			path = Network;
			sourceTree = "<group>";
		};
		B5990B8E2BB84F100047C552 /* Data */ = {
			isa = PBXGroup;
			children = (
				B5990B8F2BB84F1A0047C552 /* Network */,
				B5990BAF2BB850C40047C552 /* Repositories */,
			);
			path = Data;
			sourceTree = "<group>";
		};
		B5990B8F2BB84F1A0047C552 /* Network */ = {
			isa = PBXGroup;
			children = (
				B5990B902BB84F250047C552 /* GooglePlacesAPIEndpoints.swift */,
				B5990BA92BB850520047C552 /* Datasources */,
				B5990B922BB84F510047C552 /* DTOs */,
			);
			path = Network;
			sourceTree = "<group>";
		};
		B5990B922BB84F510047C552 /* DTOs */ = {
			isa = PBXGroup;
			children = (
				B5990BD52BB9824D0047C552 /* PlaceDetailsDTO.swift */,
				B5990B932BB84F5C0047C552 /* PlaceDTO.swift */,
				B5990B952BB84F6D0047C552 /* PlaceGeometryDTO.swift */,
				B5990B972BB84F940047C552 /* PlaceLocationDTO.swift */,
				B5990B992BB84FA20047C552 /* PlaceOpeningHoursDTO.swift */,
				B5990B9B2BB84FB10047C552 /* PlacePhotoDTO.swift */,
				B5990B9D2BB84FBF0047C552 /* PlacesNearbySearchDTO.swift */,
			);
			path = DTOs;
			sourceTree = "<group>";
		};
		B5990B9F2BB84FCA0047C552 /* Domain */ = {
			isa = PBXGroup;
			children = (
				B5990BA02BB84FD60047C552 /* Entities */,
				B5990BAC2BB850A60047C552 /* Repositories */,
				B5990BB22BB851460047C552 /* Use Cases */,
			);
			path = Domain;
			sourceTree = "<group>";
		};
		B5990BA02BB84FD60047C552 /* Entities */ = {
			isa = PBXGroup;
			children = (
				B5990BA12BB84FE70047C552 /* Place.swift */,
				B5990BA32BB84FF50047C552 /* PlaceLocation.swift */,
				B5990BA52BB850040047C552 /* PlacePhoto.swift */,
				B5990BA72BB850110047C552 /* PlacesNearbySearch.swift */,
			);
			path = Entities;
			sourceTree = "<group>";
		};
		B5990BA92BB850520047C552 /* Datasources */ = {
			isa = PBXGroup;
			children = (
				B5990BAA2BB850630047C552 /* GooglePlacesRemoteDatasource.swift */,
			);
			path = Datasources;
			sourceTree = "<group>";
		};
		B5990BAC2BB850A60047C552 /* Repositories */ = {
			isa = PBXGroup;
			children = (
				B5990BAD2BB850B70047C552 /* GooglePlacesRepository.swift */,
			);
			path = Repositories;
			sourceTree = "<group>";
		};
		B5990BAF2BB850C40047C552 /* Repositories */ = {
			isa = PBXGroup;
			children = (
				B5990BB02BB850D80047C552 /* DefaultGooglePlacesRepository.swift */,
			);
			path = Repositories;
			sourceTree = "<group>";
		};
		B5990BB22BB851460047C552 /* Use Cases */ = {
			isa = PBXGroup;
			children = (
				B5990BB32BB8515A0047C552 /* GetNearbyCoffeeShops.swift */,
				B5990BD92BB984090047C552 /* GetCoffeeShopDetails.swift */,
			);
			path = "Use Cases";
			sourceTree = "<group>";
		};
		B5990BB52BB8519D0047C552 /* Navigation */ = {
			isa = PBXGroup;
			children = (
				B5990BB62BB851AB0047C552 /* AppCoordinator.swift */,
				B5990BB82BB851CC0047C552 /* AppCoordinatorView.swift */,
			);
			path = Navigation;
			sourceTree = "<group>";
		};
		B5990BBA2BB8521C0047C552 /* Screens */ = {
			isa = PBXGroup;
			children = (
				B514EDE72BDA80880069FE08 /* Splash */,
				B5990BCD2BB97FD80047C552 /* Coffee Shop */,
				B5990BBB2BB852200047C552 /* Home */,
			);
			path = Screens;
			sourceTree = "<group>";
		};
		B5990BBB2BB852200047C552 /* Home */ = {
			isa = PBXGroup;
			children = (
				B5990BBC2BB852280047C552 /* HomeView.swift */,
				B5990BBE2BB8523D0047C552 /* HomeViewModel.swift */,
				B5990BC02BB852F50047C552 /* Views */,
			);
			path = Home;
			sourceTree = "<group>";
		};
		B5990BC02BB852F50047C552 /* Views */ = {
			isa = PBXGroup;
			children = (
				B5990BC82BB9757A0047C552 /* HomeList */,
				B5990BCA2BB975870047C552 /* HomeMap */,
			);
			path = Views;
			sourceTree = "<group>";
		};
		B5990BC32BB853410047C552 /* Composition Root */ = {
			isa = PBXGroup;
			children = (
				B5990BC42BB853570047C552 /* HomeFactory.swift */,
				B5990BD32BB980550047C552 /* CoffeeShopDetailsFactory.swift */,
			);
			path = "Composition Root";
			sourceTree = "<group>";
		};
		B5990BC82BB9757A0047C552 /* HomeList */ = {
			isa = PBXGroup;
			children = (
				B5990BC62BB9743F0047C552 /* HomeListView.swift */,
				B5990BC92BB975820047C552 /* Views */,
			);
			path = HomeList;
			sourceTree = "<group>";
		};
		B5990BC92BB975820047C552 /* Views */ = {
			isa = PBXGroup;
			children = (
				B5990BCB2BB975BD0047C552 /* CoffeeShopItemListView.swift */,
			);
			path = Views;
			sourceTree = "<group>";
		};
		B5990BCA2BB975870047C552 /* HomeMap */ = {
			isa = PBXGroup;
			children = (
				B5990BC12BB853030047C552 /* HomeMapView.swift */,
			);
			path = HomeMap;
			sourceTree = "<group>";
		};
		B5990BCD2BB97FD80047C552 /* Coffee Shop */ = {
			isa = PBXGroup;
			children = (
				B5990BCE2BB97FE00047C552 /* Details */,
			);
			path = "Coffee Shop";
			sourceTree = "<group>";
		};
		B5990BCE2BB97FE00047C552 /* Details */ = {
			isa = PBXGroup;
			children = (
				B5990BCF2BB97FED0047C552 /* CoffeeShopDetailsView.swift */,
				B5990BD12BB97FF40047C552 /* CoffeeShopDetailsViewModel.swift */,
			);
			path = Details;
			sourceTree = "<group>";
		};
/* End PBXGroup section */

/* Begin PBXNativeTarget section */
		B5990B302BB6DE270047C552 /* CoffeeShopsApp */ = {
			isa = PBXNativeTarget;
			buildConfigurationList = B5990B562BB6DE290047C552 /* Build configuration list for PBXNativeTarget "CoffeeShopsApp" */;
			buildPhases = (
				B5990B2D2BB6DE270047C552 /* Sources */,
				B5990B2E2BB6DE270047C552 /* Frameworks */,
				B5990B2F2BB6DE270047C552 /* Resources */,
			);
			buildRules = (
			);
			dependencies = (
			);
			name = CoffeeShopsApp;
			productName = CoffeeShopsApp;
			productReference = B5990B312BB6DE270047C552 /* CoffeeShopsApp.app */;
			productType = "com.apple.product-type.application";
		};
		B5990B412BB6DE290047C552 /* CoffeeShopsAppTests */ = {
			isa = PBXNativeTarget;
			buildConfigurationList = B5990B592BB6DE290047C552 /* Build configuration list for PBXNativeTarget "CoffeeShopsAppTests" */;
			buildPhases = (
				B5990B3E2BB6DE290047C552 /* Sources */,
				B5990B3F2BB6DE290047C552 /* Frameworks */,
				B5990B402BB6DE290047C552 /* Resources */,
			);
			buildRules = (
			);
			dependencies = (
				B5990B442BB6DE290047C552 /* PBXTargetDependency */,
			);
			name = CoffeeShopsAppTests;
			productName = CoffeeShopsAppTests;
			productReference = B5990B422BB6DE290047C552 /* CoffeeShopsAppTests.xctest */;
			productType = "com.apple.product-type.bundle.unit-test";
		};
		B5990B4B2BB6DE290047C552 /* CoffeeShopsAppUITests */ = {
			isa = PBXNativeTarget;
			buildConfigurationList = B5990B5C2BB6DE290047C552 /* Build configuration list for PBXNativeTarget "CoffeeShopsAppUITests" */;
			buildPhases = (
				B5990B482BB6DE290047C552 /* Sources */,
				B5990B492BB6DE290047C552 /* Frameworks */,
				B5990B4A2BB6DE290047C552 /* Resources */,
			);
			buildRules = (
			);
			dependencies = (
				B5990B4E2BB6DE290047C552 /* PBXTargetDependency */,
			);
			name = CoffeeShopsAppUITests;
			productName = CoffeeShopsAppUITests;
			productReference = B5990B4C2BB6DE290047C552 /* CoffeeShopsAppUITests.xctest */;
			productType = "com.apple.product-type.bundle.ui-testing";
		};
/* End PBXNativeTarget section */

/* Begin PBXProject section */
		B5990B292BB6DE270047C552 /* Project object */ = {
			isa = PBXProject;
			attributes = {
				BuildIndependentTargetsInParallel = 1;
				LastSwiftUpdateCheck = 1500;
				LastUpgradeCheck = 1500;
				TargetAttributes = {
					B5990B302BB6DE270047C552 = {
						CreatedOnToolsVersion = 15.0;
					};
					B5990B412BB6DE290047C552 = {
						CreatedOnToolsVersion = 15.0;
						TestTargetID = B5990B302BB6DE270047C552;
					};
					B5990B4B2BB6DE290047C552 = {
						CreatedOnToolsVersion = 15.0;
						TestTargetID = B5990B302BB6DE270047C552;
					};
				};
			};
			buildConfigurationList = B5990B2C2BB6DE270047C552 /* Build configuration list for PBXProject "CoffeeShopsApp" */;
			compatibilityVersion = "Xcode 14.0";
			developmentRegion = en;
			hasScannedForEncodings = 0;
			knownRegions = (
				en,
				Base,
				es,
			);
			mainGroup = B5990B282BB6DE270047C552;
			productRefGroup = B5990B322BB6DE270047C552 /* Products */;
			projectDirPath = "";
			projectRoot = "";
			targets = (
				B5990B302BB6DE270047C552 /* CoffeeShopsApp */,
				B5990B412BB6DE290047C552 /* CoffeeShopsAppTests */,
				B5990B4B2BB6DE290047C552 /* CoffeeShopsAppUITests */,
			);
		};
/* End PBXProject section */

/* Begin PBXResourcesBuildPhase section */
		B5990B2F2BB6DE270047C552 /* Resources */ = {
			isa = PBXResourcesBuildPhase;
			buildActionMask = 2147483647;
			files = (
				B5990B3D2BB6DE280047C552 /* Preview Assets.xcassets in Resources */,
				B5990B752BB6E2940047C552 /* Inter-ExtraBold.ttf in Resources */,
				B5990B7D2BB6EB1C0047C552 /* Localizable.xcstrings in Resources */,
				B5990B392BB6DE280047C552 /* Assets.xcassets in Resources */,
				B5990B6D2BB6E2940047C552 /* Inter-Thin.ttf in Resources */,
				B5990B822BB84B0A0047C552 /* Config.xcconfig in Resources */,
				B5990B722BB6E2940047C552 /* Inter-ExtraLight.ttf in Resources */,
				B5990B6F2BB6E2940047C552 /* Inter-SemiBold.ttf in Resources */,
				B5990B702BB6E2940047C552 /* Inter-Light.ttf in Resources */,
				B5990B742BB6E2940047C552 /* Inter-Bold.ttf in Resources */,
				B5990B6E2BB6E2940047C552 /* Inter-Black.ttf in Resources */,
				B5990B712BB6E2940047C552 /* Inter-Regular.ttf in Resources */,
				B5990B732BB6E2940047C552 /* Inter-Medium.ttf in Resources */,
			);
			runOnlyForDeploymentPostprocessing = 0;
		};
		B5990B402BB6DE290047C552 /* Resources */ = {
			isa = PBXResourcesBuildPhase;
			buildActionMask = 2147483647;
			files = (
			);
			runOnlyForDeploymentPostprocessing = 0;
		};
		B5990B4A2BB6DE290047C552 /* Resources */ = {
			isa = PBXResourcesBuildPhase;
			buildActionMask = 2147483647;
			files = (
			);
			runOnlyForDeploymentPostprocessing = 0;
		};
/* End PBXResourcesBuildPhase section */

/* Begin PBXSourcesBuildPhase section */
		B5990B2D2BB6DE270047C552 /* Sources */ = {
			isa = PBXSourcesBuildPhase;
			buildActionMask = 2147483647;
			files = (
				B5990B862BB84DBE0047C552 /* Endpoint.swift in Sources */,
				B5990BBD2BB852280047C552 /* HomeView.swift in Sources */,
				B5990B772BB6E2AA0047C552 /* Fonts.swift in Sources */,
				B5990BB92BB851CC0047C552 /* AppCoordinatorView.swift in Sources */,
				B5990BCC2BB975BD0047C552 /* CoffeeShopItemListView.swift in Sources */,
				B5990BB72BB851AB0047C552 /* AppCoordinator.swift in Sources */,
				B5990BA62BB850040047C552 /* PlacePhoto.swift in Sources */,
				B5990B892BB84DD10047C552 /* HTTPClient.swift in Sources */,
				B514EDE92BDA80950069FE08 /* SplashView.swift in Sources */,
				B5990B9A2BB84FA20047C552 /* PlaceOpeningHoursDTO.swift in Sources */,
				B5990B9C2BB84FB10047C552 /* PlacePhotoDTO.swift in Sources */,
				B5990BA82BB850110047C552 /* PlacesNearbySearch.swift in Sources */,
				B5990B912BB84F250047C552 /* GooglePlacesAPIEndpoints.swift in Sources */,
				B5990B982BB84F940047C552 /* PlaceLocationDTO.swift in Sources */,
				B5990BB42BB8515A0047C552 /* GetNearbyCoffeeShops.swift in Sources */,
				B5990BC72BB9743F0047C552 /* HomeListView.swift in Sources */,
				B5990B8B2BB84DE20047C552 /* HTTPMethodType.swift in Sources */,
				B5990BAE2BB850B70047C552 /* GooglePlacesRepository.swift in Sources */,
				B5990BDA2BB984090047C552 /* GetCoffeeShopDetails.swift in Sources */,
				B5990BBF2BB8523D0047C552 /* HomeViewModel.swift in Sources */,
				B5990BD22BB97FF40047C552 /* CoffeeShopDetailsViewModel.swift in Sources */,
				B5990BC22BB853030047C552 /* HomeMapView.swift in Sources */,
				B5990B942BB84F5C0047C552 /* PlaceDTO.swift in Sources */,
				B5990B372BB6DE270047C552 /* ContentView.swift in Sources */,
				B5990B9E2BB84FBF0047C552 /* PlacesNearbySearchDTO.swift in Sources */,
				B5990B802BB84AEC0047C552 /* EnvironmentConfiguration.swift in Sources */,
				B5990B962BB84F6D0047C552 /* PlaceGeometryDTO.swift in Sources */,
				B5990BB12BB850D80047C552 /* DefaultGooglePlacesRepository.swift in Sources */,
				B5990BD02BB97FED0047C552 /* CoffeeShopDetailsView.swift in Sources */,
				B5990B8D2BB84DF10047C552 /* RequestError.swift in Sources */,
				B5990BA42BB84FF50047C552 /* PlaceLocation.swift in Sources */,
				B5990BD42BB980550047C552 /* CoffeeShopDetailsFactory.swift in Sources */,
				B5990BAB2BB850630047C552 /* GooglePlacesRemoteDatasource.swift in Sources */,
				B5990B792BB6E2C60047C552 /* CSFont.swift in Sources */,
				B5990BA22BB84FE70047C552 /* Place.swift in Sources */,
				B5990BC52BB853570047C552 /* HomeFactory.swift in Sources */,
				B5990BD62BB9824D0047C552 /* PlaceDetailsDTO.swift in Sources */,
				B5990B622BB6DF850047C552 /* Colors.swift in Sources */,
				B5990B352BB6DE270047C552 /* CoffeeShopsAppApp.swift in Sources */,
			);
			runOnlyForDeploymentPostprocessing = 0;
		};
		B5990B3E2BB6DE290047C552 /* Sources */ = {
			isa = PBXSourcesBuildPhase;
			buildActionMask = 2147483647;
			files = (
				B5990B472BB6DE290047C552 /* CoffeeShopsAppTests.swift in Sources */,
			);
			runOnlyForDeploymentPostprocessing = 0;
		};
		B5990B482BB6DE290047C552 /* Sources */ = {
			isa = PBXSourcesBuildPhase;
			buildActionMask = 2147483647;
			files = (
				B5990B532BB6DE290047C552 /* CoffeeShopsAppUITestsLaunchTests.swift in Sources */,
				B5990B512BB6DE290047C552 /* CoffeeShopsAppUITests.swift in Sources */,
			);
			runOnlyForDeploymentPostprocessing = 0;
		};
/* End PBXSourcesBuildPhase section */

/* Begin PBXTargetDependency section */
		B5990B442BB6DE290047C552 /* PBXTargetDependency */ = {
			isa = PBXTargetDependency;
			target = B5990B302BB6DE270047C552 /* CoffeeShopsApp */;
			targetProxy = B5990B432BB6DE290047C552 /* PBXContainerItemProxy */;
		};
		B5990B4E2BB6DE290047C552 /* PBXTargetDependency */ = {
			isa = PBXTargetDependency;
			target = B5990B302BB6DE270047C552 /* CoffeeShopsApp */;
			targetProxy = B5990B4D2BB6DE290047C552 /* PBXContainerItemProxy */;
		};
/* End PBXTargetDependency section */

/* Begin XCBuildConfiguration section */
		B5990B542BB6DE290047C552 /* Debug */ = {
			isa = XCBuildConfiguration;
			baseConfigurationReference = B5990B812BB84B0A0047C552 /* Config.xcconfig */;
			buildSettings = {
				ALWAYS_SEARCH_USER_PATHS = NO;
				ASSETCATALOG_COMPILER_GENERATE_SWIFT_ASSET_SYMBOL_EXTENSIONS = YES;
				CLANG_ANALYZER_NONNULL = YES;
				CLANG_ANALYZER_NUMBER_OBJECT_CONVERSION = YES_AGGRESSIVE;
				CLANG_CXX_LANGUAGE_STANDARD = "gnu++20";
				CLANG_ENABLE_MODULES = YES;
				CLANG_ENABLE_OBJC_ARC = YES;
				CLANG_ENABLE_OBJC_WEAK = YES;
				CLANG_WARN_BLOCK_CAPTURE_AUTORELEASING = YES;
				CLANG_WARN_BOOL_CONVERSION = YES;
				CLANG_WARN_COMMA = YES;
				CLANG_WARN_CONSTANT_CONVERSION = YES;
				CLANG_WARN_DEPRECATED_OBJC_IMPLEMENTATIONS = YES;
				CLANG_WARN_DIRECT_OBJC_ISA_USAGE = YES_ERROR;
				CLANG_WARN_DOCUMENTATION_COMMENTS = YES;
				CLANG_WARN_EMPTY_BODY = YES;
				CLANG_WARN_ENUM_CONVERSION = YES;
				CLANG_WARN_INFINITE_RECURSION = YES;
				CLANG_WARN_INT_CONVERSION = YES;
				CLANG_WARN_NON_LITERAL_NULL_CONVERSION = YES;
				CLANG_WARN_OBJC_IMPLICIT_RETAIN_SELF = YES;
				CLANG_WARN_OBJC_LITERAL_CONVERSION = YES;
				CLANG_WARN_OBJC_ROOT_CLASS = YES_ERROR;
				CLANG_WARN_QUOTED_INCLUDE_IN_FRAMEWORK_HEADER = YES;
				CLANG_WARN_RANGE_LOOP_ANALYSIS = YES;
				CLANG_WARN_STRICT_PROTOTYPES = YES;
				CLANG_WARN_SUSPICIOUS_MOVE = YES;
				CLANG_WARN_UNGUARDED_AVAILABILITY = YES_AGGRESSIVE;
				CLANG_WARN_UNREACHABLE_CODE = YES;
				CLANG_WARN__DUPLICATE_METHOD_MATCH = YES;
				COPY_PHASE_STRIP = NO;
				DEBUG_INFORMATION_FORMAT = dwarf;
				ENABLE_STRICT_OBJC_MSGSEND = YES;
				ENABLE_TESTABILITY = YES;
				ENABLE_USER_SCRIPT_SANDBOXING = YES;
				GCC_C_LANGUAGE_STANDARD = gnu17;
				GCC_DYNAMIC_NO_PIC = NO;
				GCC_NO_COMMON_BLOCKS = YES;
				GCC_OPTIMIZATION_LEVEL = 0;
				GCC_PREPROCESSOR_DEFINITIONS = (
					"DEBUG=1",
					"$(inherited)",
				);
				GCC_WARN_64_TO_32_BIT_CONVERSION = YES;
				GCC_WARN_ABOUT_RETURN_TYPE = YES_ERROR;
				GCC_WARN_UNDECLARED_SELECTOR = YES;
				GCC_WARN_UNINITIALIZED_AUTOS = YES_AGGRESSIVE;
				GCC_WARN_UNUSED_FUNCTION = YES;
				GCC_WARN_UNUSED_VARIABLE = YES;
				LOCALIZATION_PREFERS_STRING_CATALOGS = YES;
				MTL_ENABLE_DEBUG_INFO = INCLUDE_SOURCE;
				MTL_FAST_MATH = YES;
				ONLY_ACTIVE_ARCH = YES;
				SWIFT_ACTIVE_COMPILATION_CONDITIONS = "DEBUG $(inherited)";
				SWIFT_OPTIMIZATION_LEVEL = "-Onone";
			};
			name = Debug;
		};
		B5990B552BB6DE290047C552 /* Release */ = {
			isa = XCBuildConfiguration;
			baseConfigurationReference = B5990B812BB84B0A0047C552 /* Config.xcconfig */;
			buildSettings = {
				ALWAYS_SEARCH_USER_PATHS = NO;
				ASSETCATALOG_COMPILER_GENERATE_SWIFT_ASSET_SYMBOL_EXTENSIONS = YES;
				CLANG_ANALYZER_NONNULL = YES;
				CLANG_ANALYZER_NUMBER_OBJECT_CONVERSION = YES_AGGRESSIVE;
				CLANG_CXX_LANGUAGE_STANDARD = "gnu++20";
				CLANG_ENABLE_MODULES = YES;
				CLANG_ENABLE_OBJC_ARC = YES;
				CLANG_ENABLE_OBJC_WEAK = YES;
				CLANG_WARN_BLOCK_CAPTURE_AUTORELEASING = YES;
				CLANG_WARN_BOOL_CONVERSION = YES;
				CLANG_WARN_COMMA = YES;
				CLANG_WARN_CONSTANT_CONVERSION = YES;
				CLANG_WARN_DEPRECATED_OBJC_IMPLEMENTATIONS = YES;
				CLANG_WARN_DIRECT_OBJC_ISA_USAGE = YES_ERROR;
				CLANG_WARN_DOCUMENTATION_COMMENTS = YES;
				CLANG_WARN_EMPTY_BODY = YES;
				CLANG_WARN_ENUM_CONVERSION = YES;
				CLANG_WARN_INFINITE_RECURSION = YES;
				CLANG_WARN_INT_CONVERSION = YES;
				CLANG_WARN_NON_LITERAL_NULL_CONVERSION = YES;
				CLANG_WARN_OBJC_IMPLICIT_RETAIN_SELF = YES;
				CLANG_WARN_OBJC_LITERAL_CONVERSION = YES;
				CLANG_WARN_OBJC_ROOT_CLASS = YES_ERROR;
				CLANG_WARN_QUOTED_INCLUDE_IN_FRAMEWORK_HEADER = YES;
				CLANG_WARN_RANGE_LOOP_ANALYSIS = YES;
				CLANG_WARN_STRICT_PROTOTYPES = YES;
				CLANG_WARN_SUSPICIOUS_MOVE = YES;
				CLANG_WARN_UNGUARDED_AVAILABILITY = YES_AGGRESSIVE;
				CLANG_WARN_UNREACHABLE_CODE = YES;
				CLANG_WARN__DUPLICATE_METHOD_MATCH = YES;
				COPY_PHASE_STRIP = NO;
				DEBUG_INFORMATION_FORMAT = "dwarf-with-dsym";
				ENABLE_NS_ASSERTIONS = NO;
				ENABLE_STRICT_OBJC_MSGSEND = YES;
				ENABLE_USER_SCRIPT_SANDBOXING = YES;
				GCC_C_LANGUAGE_STANDARD = gnu17;
				GCC_NO_COMMON_BLOCKS = YES;
				GCC_WARN_64_TO_32_BIT_CONVERSION = YES;
				GCC_WARN_ABOUT_RETURN_TYPE = YES_ERROR;
				GCC_WARN_UNDECLARED_SELECTOR = YES;
				GCC_WARN_UNINITIALIZED_AUTOS = YES_AGGRESSIVE;
				GCC_WARN_UNUSED_FUNCTION = YES;
				GCC_WARN_UNUSED_VARIABLE = YES;
				LOCALIZATION_PREFERS_STRING_CATALOGS = YES;
				MTL_ENABLE_DEBUG_INFO = NO;
				MTL_FAST_MATH = YES;
				SWIFT_COMPILATION_MODE = wholemodule;
			};
			name = Release;
		};
		B5990B572BB6DE290047C552 /* Debug */ = {
			isa = XCBuildConfiguration;
			buildSettings = {
				ASSETCATALOG_COMPILER_APPICON_NAME = AppIcon;
				ASSETCATALOG_COMPILER_GLOBAL_ACCENT_COLOR_NAME = AccentColor;
				CODE_SIGN_ENTITLEMENTS = CoffeeShopsApp/CoffeeShopsApp.entitlements;
				CODE_SIGN_STYLE = Automatic;
				CURRENT_PROJECT_VERSION = 1;
				DEVELOPMENT_ASSET_PATHS = "\"CoffeeShopsApp/Preview Content\"";
				DEVELOPMENT_TEAM = HM99275N5A;
				ENABLE_HARDENED_RUNTIME = YES;
				ENABLE_PREVIEWS = YES;
				GENERATE_INFOPLIST_FILE = YES;
				INFOPLIST_FILE = CoffeeShopsApp/Info.plist;
				"INFOPLIST_KEY_UIApplicationSceneManifest_Generation[sdk=iphoneos*]" = YES;
				"INFOPLIST_KEY_UIApplicationSceneManifest_Generation[sdk=iphonesimulator*]" = YES;
				"INFOPLIST_KEY_UIApplicationSupportsIndirectInputEvents[sdk=iphoneos*]" = YES;
				"INFOPLIST_KEY_UIApplicationSupportsIndirectInputEvents[sdk=iphonesimulator*]" = YES;
				"INFOPLIST_KEY_UILaunchScreen_Generation[sdk=iphoneos*]" = YES;
				"INFOPLIST_KEY_UILaunchScreen_Generation[sdk=iphonesimulator*]" = YES;
				"INFOPLIST_KEY_UIStatusBarStyle[sdk=iphoneos*]" = UIStatusBarStyleDefault;
				"INFOPLIST_KEY_UIStatusBarStyle[sdk=iphonesimulator*]" = UIStatusBarStyleDefault;
				INFOPLIST_KEY_UISupportedInterfaceOrientations_iPad = "UIInterfaceOrientationPortrait UIInterfaceOrientationPortraitUpsideDown UIInterfaceOrientationLandscapeLeft UIInterfaceOrientationLandscapeRight";
				INFOPLIST_KEY_UISupportedInterfaceOrientations_iPhone = "UIInterfaceOrientationPortrait UIInterfaceOrientationLandscapeLeft UIInterfaceOrientationLandscapeRight";
				IPHONEOS_DEPLOYMENT_TARGET = 17.0;
				LD_RUNPATH_SEARCH_PATHS = "@executable_path/Frameworks";
				"LD_RUNPATH_SEARCH_PATHS[sdk=macosx*]" = "@executable_path/../Frameworks";
				MACOSX_DEPLOYMENT_TARGET = 13.6;
				MARKETING_VERSION = 1.0;
				PRODUCT_BUNDLE_IDENTIFIER = com.jm.CoffeeShopsApp;
				PRODUCT_NAME = "$(TARGET_NAME)";
				SDKROOT = auto;
				SUPPORTED_PLATFORMS = "iphoneos iphonesimulator macosx";
				SWIFT_EMIT_LOC_STRINGS = YES;
				SWIFT_VERSION = 5.0;
				TARGETED_DEVICE_FAMILY = "1,2";
			};
			name = Debug;
		};
		B5990B582BB6DE290047C552 /* Release */ = {
			isa = XCBuildConfiguration;
			buildSettings = {
				ASSETCATALOG_COMPILER_APPICON_NAME = AppIcon;
				ASSETCATALOG_COMPILER_GLOBAL_ACCENT_COLOR_NAME = AccentColor;
				CODE_SIGN_ENTITLEMENTS = CoffeeShopsApp/CoffeeShopsApp.entitlements;
				CODE_SIGN_STYLE = Automatic;
				CURRENT_PROJECT_VERSION = 1;
				DEVELOPMENT_ASSET_PATHS = "\"CoffeeShopsApp/Preview Content\"";
				DEVELOPMENT_TEAM = HM99275N5A;
				ENABLE_HARDENED_RUNTIME = YES;
				ENABLE_PREVIEWS = YES;
				GENERATE_INFOPLIST_FILE = YES;
				INFOPLIST_FILE = CoffeeShopsApp/Info.plist;
				"INFOPLIST_KEY_UIApplicationSceneManifest_Generation[sdk=iphoneos*]" = YES;
				"INFOPLIST_KEY_UIApplicationSceneManifest_Generation[sdk=iphonesimulator*]" = YES;
				"INFOPLIST_KEY_UIApplicationSupportsIndirectInputEvents[sdk=iphoneos*]" = YES;
				"INFOPLIST_KEY_UIApplicationSupportsIndirectInputEvents[sdk=iphonesimulator*]" = YES;
				"INFOPLIST_KEY_UILaunchScreen_Generation[sdk=iphoneos*]" = YES;
				"INFOPLIST_KEY_UILaunchScreen_Generation[sdk=iphonesimulator*]" = YES;
				"INFOPLIST_KEY_UIStatusBarStyle[sdk=iphoneos*]" = UIStatusBarStyleDefault;
				"INFOPLIST_KEY_UIStatusBarStyle[sdk=iphonesimulator*]" = UIStatusBarStyleDefault;
				INFOPLIST_KEY_UISupportedInterfaceOrientations_iPad = "UIInterfaceOrientationPortrait UIInterfaceOrientationPortraitUpsideDown UIInterfaceOrientationLandscapeLeft UIInterfaceOrientationLandscapeRight";
				INFOPLIST_KEY_UISupportedInterfaceOrientations_iPhone = "UIInterfaceOrientationPortrait UIInterfaceOrientationLandscapeLeft UIInterfaceOrientationLandscapeRight";
				IPHONEOS_DEPLOYMENT_TARGET = 17.0;
				LD_RUNPATH_SEARCH_PATHS = "@executable_path/Frameworks";
				"LD_RUNPATH_SEARCH_PATHS[sdk=macosx*]" = "@executable_path/../Frameworks";
				MACOSX_DEPLOYMENT_TARGET = 13.6;
				MARKETING_VERSION = 1.0;
				PRODUCT_BUNDLE_IDENTIFIER = com.jm.CoffeeShopsApp;
				PRODUCT_NAME = "$(TARGET_NAME)";
				SDKROOT = auto;
				SUPPORTED_PLATFORMS = "iphoneos iphonesimulator macosx";
				SWIFT_EMIT_LOC_STRINGS = YES;
				SWIFT_VERSION = 5.0;
				TARGETED_DEVICE_FAMILY = "1,2";
			};
			name = Release;
		};
		B5990B5A2BB6DE290047C552 /* Debug */ = {
			isa = XCBuildConfiguration;
			buildSettings = {
				ALWAYS_EMBED_SWIFT_STANDARD_LIBRARIES = YES;
				BUNDLE_LOADER = "$(TEST_HOST)";
				CODE_SIGN_STYLE = Automatic;
				CURRENT_PROJECT_VERSION = 1;
				DEVELOPMENT_TEAM = HM99275N5A;
				GENERATE_INFOPLIST_FILE = YES;
				IPHONEOS_DEPLOYMENT_TARGET = 17.0;
				MACOSX_DEPLOYMENT_TARGET = 13.6;
				MARKETING_VERSION = 1.0;
				PRODUCT_BUNDLE_IDENTIFIER = com.jm.CoffeeShopsAppTests;
				PRODUCT_NAME = "$(TARGET_NAME)";
				SDKROOT = auto;
				SUPPORTED_PLATFORMS = "iphoneos iphonesimulator macosx";
				SWIFT_EMIT_LOC_STRINGS = NO;
				SWIFT_VERSION = 5.0;
				TARGETED_DEVICE_FAMILY = "1,2";
				TEST_HOST = "$(BUILT_PRODUCTS_DIR)/CoffeeShopsApp.app/$(BUNDLE_EXECUTABLE_FOLDER_PATH)/CoffeeShopsApp";
			};
			name = Debug;
		};
		B5990B5B2BB6DE290047C552 /* Release */ = {
			isa = XCBuildConfiguration;
			buildSettings = {
				ALWAYS_EMBED_SWIFT_STANDARD_LIBRARIES = YES;
				BUNDLE_LOADER = "$(TEST_HOST)";
				CODE_SIGN_STYLE = Automatic;
				CURRENT_PROJECT_VERSION = 1;
				DEVELOPMENT_TEAM = HM99275N5A;
				GENERATE_INFOPLIST_FILE = YES;
				IPHONEOS_DEPLOYMENT_TARGET = 17.0;
				MACOSX_DEPLOYMENT_TARGET = 13.6;
				MARKETING_VERSION = 1.0;
				PRODUCT_BUNDLE_IDENTIFIER = com.jm.CoffeeShopsAppTests;
				PRODUCT_NAME = "$(TARGET_NAME)";
				SDKROOT = auto;
				SUPPORTED_PLATFORMS = "iphoneos iphonesimulator macosx";
				SWIFT_EMIT_LOC_STRINGS = NO;
				SWIFT_VERSION = 5.0;
				TARGETED_DEVICE_FAMILY = "1,2";
				TEST_HOST = "$(BUILT_PRODUCTS_DIR)/CoffeeShopsApp.app/$(BUNDLE_EXECUTABLE_FOLDER_PATH)/CoffeeShopsApp";
			};
			name = Release;
		};
		B5990B5D2BB6DE290047C552 /* Debug */ = {
			isa = XCBuildConfiguration;
			buildSettings = {
				ALWAYS_EMBED_SWIFT_STANDARD_LIBRARIES = YES;
				CODE_SIGN_STYLE = Automatic;
				CURRENT_PROJECT_VERSION = 1;
				DEVELOPMENT_TEAM = HM99275N5A;
				GENERATE_INFOPLIST_FILE = YES;
				IPHONEOS_DEPLOYMENT_TARGET = 17.0;
				MACOSX_DEPLOYMENT_TARGET = 13.6;
				MARKETING_VERSION = 1.0;
				PRODUCT_BUNDLE_IDENTIFIER = com.jm.CoffeeShopsAppUITests;
				PRODUCT_NAME = "$(TARGET_NAME)";
				SDKROOT = auto;
				SUPPORTED_PLATFORMS = "iphoneos iphonesimulator macosx";
				SWIFT_EMIT_LOC_STRINGS = NO;
				SWIFT_VERSION = 5.0;
				TARGETED_DEVICE_FAMILY = "1,2";
				TEST_TARGET_NAME = CoffeeShopsApp;
			};
			name = Debug;
		};
		B5990B5E2BB6DE290047C552 /* Release */ = {
			isa = XCBuildConfiguration;
			buildSettings = {
				ALWAYS_EMBED_SWIFT_STANDARD_LIBRARIES = YES;
				CODE_SIGN_STYLE = Automatic;
				CURRENT_PROJECT_VERSION = 1;
				DEVELOPMENT_TEAM = HM99275N5A;
				GENERATE_INFOPLIST_FILE = YES;
				IPHONEOS_DEPLOYMENT_TARGET = 17.0;
				MACOSX_DEPLOYMENT_TARGET = 13.6;
				MARKETING_VERSION = 1.0;
				PRODUCT_BUNDLE_IDENTIFIER = com.jm.CoffeeShopsAppUITests;
				PRODUCT_NAME = "$(TARGET_NAME)";
				SDKROOT = auto;
				SUPPORTED_PLATFORMS = "iphoneos iphonesimulator macosx";
				SWIFT_EMIT_LOC_STRINGS = NO;
				SWIFT_VERSION = 5.0;
				TARGETED_DEVICE_FAMILY = "1,2";
				TEST_TARGET_NAME = CoffeeShopsApp;
			};
			name = Release;
		};
/* End XCBuildConfiguration section */

/* Begin XCConfigurationList section */
		B5990B2C2BB6DE270047C552 /* Build configuration list for PBXProject "CoffeeShopsApp" */ = {
			isa = XCConfigurationList;
			buildConfigurations = (
				B5990B542BB6DE290047C552 /* Debug */,
				B5990B552BB6DE290047C552 /* Release */,
			);
			defaultConfigurationIsVisible = 0;
			defaultConfigurationName = Release;
		};
		B5990B562BB6DE290047C552 /* Build configuration list for PBXNativeTarget "CoffeeShopsApp" */ = {
			isa = XCConfigurationList;
			buildConfigurations = (
				B5990B572BB6DE290047C552 /* Debug */,
				B5990B582BB6DE290047C552 /* Release */,
			);
			defaultConfigurationIsVisible = 0;
			defaultConfigurationName = Release;
		};
		B5990B592BB6DE290047C552 /* Build configuration list for PBXNativeTarget "CoffeeShopsAppTests" */ = {
			isa = XCConfigurationList;
			buildConfigurations = (
				B5990B5A2BB6DE290047C552 /* Debug */,
				B5990B5B2BB6DE290047C552 /* Release */,
			);
			defaultConfigurationIsVisible = 0;
			defaultConfigurationName = Release;
		};
		B5990B5C2BB6DE290047C552 /* Build configuration list for PBXNativeTarget "CoffeeShopsAppUITests" */ = {
			isa = XCConfigurationList;
			buildConfigurations = (
				B5990B5D2BB6DE290047C552 /* Debug */,
				B5990B5E2BB6DE290047C552 /* Release */,
			);
			defaultConfigurationIsVisible = 0;
			defaultConfigurationName = Release;
		};
/* End XCConfigurationList section */
	};
	rootObject = B5990B292BB6DE270047C552 /* Project object */;
}
